
Microsoft Visual Studio Solution File, Format Version 12.00
# Visual Studio Version 17
VisualStudioVersion = 17.5.002.0
MinimumVisualStudioVersion = 10.0.40219.1
Project("{9A19103F-16F7-4668-BE54-9A1E7A4F7556}") = "FinancialApi", "FinancialApi.csproj", "{D95F7F7B-588C-4688-A14F-C8D02BF67401}"
EndProject
Global
	GlobalSection(SolutionConfigurationPlatforms) = preSolution
		Debug|Any CPU = Debug|Any CPU
		Release|Any CPU = Release|Any CPU
	EndGlobalSection
	GlobalSection(ProjectConfigurationPlatforms) = postSolution
		{D95F7F7B-588C-4688-A14F-C8D02BF67401}.Debug|Any CPU.ActiveCfg = Debug|Any CPU
		{D95F7F7B-588C-4688-A14F-C8D02BF67401}.Debug|Any CPU.Build.0 = Debug|Any CPU
		{D95F7F7B-588C-4688-A14F-C8D02BF67401}.Release|Any CPU.ActiveCfg = Release|Any CPU
		{D95F7F7B-588C-4688-A14F-C8D02BF67401}.Release|Any CPU.Build.0 = Release|Any CPU
	EndGlobalSection
	GlobalSection(SolutionProperties) = preSolution
		HideSolutionNode = FALSE
	EndGlobalSection
	GlobalSection(ExtensibilityGlobals) = postSolution
		SolutionGuid = {33CEB6A6-29E0-4A6D-9E6B-EF6749E236D4}
	EndGlobalSection
EndGlobal
